// !$*UTF8*$!
{
	archiveVersion = 1;
	classes = {
	};
	objectVersion = 46;
	objects = {

/* Begin PBXBuildFile section */
		7EB8B6371AE058DF005B9044 /* main.cpp in Sources */ = {isa = PBXBuildFile; fileRef = 7EB8B6361AE058DF005B9044 /* main.cpp */; };
		7EB8B6421AE16B1A005B9044 /* libstdc++.dylib in Frameworks */ = {isa = PBXBuildFile; fileRef = 7EB8B6411AE16B1A005B9044 /* libstdc++.dylib */; };
/* End PBXBuildFile section */

/* Begin PBXCopyFilesBuildPhase section */
		7EB8B6311AE058DF005B9044 /* CopyFiles */ = {
			isa = PBXCopyFilesBuildPhase;
			buildActionMask = 2147483647;
			dstPath = /usr/share/man/man1/;
			dstSubfolderSpec = 0;
			files = (
			);
			runOnlyForDeploymentPostprocessing = 1;
		};
/* End PBXCopyFilesBuildPhase section */

/* Begin PBXFileReference section */
		7EB8B6331AE058DF005B9044 /* kot_ton */ = {isa = PBXFileReference; explicitFileType = "compiled.mach-o.executable"; includeInIndex = 0; path = kot_ton; sourceTree = BUILT_PRODUCTS_DIR; };
		7EB8B6361AE058DF005B9044 /* main.cpp */ = {isa = PBXFileReference; lastKnownFileType = sourcecode.cpp.cpp; path = main.cpp; sourceTree = "<group>"; };
		7EB8B6411AE16B1A005B9044 /* libstdc++.dylib */ = {isa = PBXFileReference; lastKnownFileType = "compiled.mach-o.dylib"; name = "libstdc++.dylib"; path = "usr/lib/libstdc++.dylib"; sourceTree = SDKROOT; };
		7EFB683C1AE1BB5200410651 /* en_dict.txt */ = {isa = PBXFileReference; lastKnownFileType = text; path = en_dict.txt; sourceTree = "<group>"; };
		7EFB683D1AE1BB5200410651 /* en_source.txt */ = {isa = PBXFileReference; lastKnownFileType = text; path = en_source.txt; sourceTree = "<group>"; };
		7EFB683E1AE1BB5200410651 /* ru_dict.txt */ = {isa = PBXFileReference; lastKnownFileType = text; path = ru_dict.txt; sourceTree = "<group>"; };
		7EFB683F1AE1BB5200410651 /* ru_source.txt */ = {isa = PBXFileReference; lastKnownFileType = text; path = ru_source.txt; sourceTree = "<group>"; };
		7EFB68411AE1BC8300410651 /* Screen Shot 2015-04-18 at 1.10.34 AM.png */ = {isa = PBXFileReference; lastKnownFileType = image.png; path = "Screen Shot 2015-04-18 at 1.10.34 AM.png"; sourceTree = "<group>"; };
		7EFB68421AE1BF0700410651 /* Screen Shot 2015-04-18 at 1.21.46 AM.png */ = {isa = PBXFileReference; lastKnownFileType = image.png; path = "Screen Shot 2015-04-18 at 1.21.46 AM.png"; sourceTree = "<group>"; };
/* End PBXFileReference section */

/* Begin PBXFrameworksBuildPhase section */
		7EB8B6301AE058DF005B9044 /* Frameworks */ = {
			isa = PBXFrameworksBuildPhase;
			buildActionMask = 2147483647;
			files = (
				7EB8B6421AE16B1A005B9044 /* libstdc++.dylib in Frameworks */,
			);
			runOnlyForDeploymentPostprocessing = 0;
		};
/* End PBXFrameworksBuildPhase section */

/* Begin PBXGroup section */
		7EB8B62A1AE058DF005B9044 = {
			isa = PBXGroup;
			children = (
				7EB8B6411AE16B1A005B9044 /* libstdc++.dylib */,
				7EB8B6351AE058DF005B9044 /* kot_ton */,
				7EB8B6341AE058DF005B9044 /* Products */,
			);
			sourceTree = "<group>";
		};
		7EB8B6341AE058DF005B9044 /* Products */ = {
			isa = PBXGroup;
			children = (
				7EB8B6331AE058DF005B9044 /* kot_ton */,
			);
			name = Products;
			sourceTree = "<group>";
		};
		7EB8B6351AE058DF005B9044 /* kot_ton */ = {
			isa = PBXGroup;
			children = (
				7EFB68411AE1BC8300410651 /* Screen Shot 2015-04-18 at 1.10.34 AM.png */,
				7EFB68421AE1BF0700410651 /* Screen Shot 2015-04-18 at 1.21.46 AM.png */,
				7EFB683C1AE1BB5200410651 /* en_dict.txt */,
				7EFB683D1AE1BB5200410651 /* en_source.txt */,
				7EFB683E1AE1BB5200410651 /* ru_dict.txt */,
				7EFB683F1AE1BB5200410651 /* ru_source.txt */,
				7EB8B6361AE058DF005B9044 /* main.cpp */,
			);
			path = kot_ton;
			sourceTree = "<group>";
		};
/* End PBXGroup section */

/* Begin PBXNativeTarget section */
		7EB8B6321AE058DF005B9044 /* kot_ton */ = {
			isa = PBXNativeTarget;
			buildConfigurationList = 7EB8B63A1AE058DF005B9044 /* Build configuration list for PBXNativeTarget "kot_ton" */;
			buildPhases = (
				7EB8B62F1AE058DF005B9044 /* Sources */,
				7EB8B6301AE058DF005B9044 /* Frameworks */,
				7EB8B6311AE058DF005B9044 /* CopyFiles */,
			);
			buildRules = (
			);
			dependencies = (
			);
			name = kot_ton;
			productName = kot_ton;
			productReference = 7EB8B6331AE058DF005B9044 /* kot_ton */;
			productType = "com.apple.product-type.tool";
		};
/* End PBXNativeTarget section */

/* Begin PBXProject section */
		7EB8B62B1AE058DF005B9044 /* Project object */ = {
			isa = PBXProject;
			attributes = {
				LastUpgradeCheck = 0610;
				ORGANIZATIONNAME = nekocode;
				TargetAttributes = {
					7EB8B6321AE058DF005B9044 = {
						CreatedOnToolsVersion = 6.1;
					};
				};
			};
			buildConfigurationList = 7EB8B62E1AE058DF005B9044 /* Build configuration list for PBXProject "kot_ton" */;
			compatibilityVersion = "Xcode 3.2";
			developmentRegion = English;
			hasScannedForEncodings = 0;
			knownRegions = (
				en,
			);
			mainGroup = 7EB8B62A1AE058DF005B9044;
			productRefGroup = 7EB8B6341AE058DF005B9044 /* Products */;
			projectDirPath = "";
			projectRoot = "";
			targets = (
				7EB8B6321AE058DF005B9044 /* kot_ton */,
			);
		};
/* End PBXProject section */

/* Begin PBXSourcesBuildPhase section */
		7EB8B62F1AE058DF005B9044 /* Sources */ = {
			isa = PBXSourcesBuildPhase;
			buildActionMask = 2147483647;
			files = (
				7EB8B6371AE058DF005B9044 /* main.cpp in Sources */,
			);
			runOnlyForDeploymentPostprocessing = 0;
		};
/* End PBXSourcesBuildPhase section */

/* Begin XCBuildConfiguration section */
		7EB8B6381AE058DF005B9044 /* Debug */ = {
			isa = XCBuildConfiguration;
			buildSettings = {
				ALWAYS_SEARCH_USER_PATHS = NO;
				CLANG_CXX_LANGUAGE_STANDARD = "c++0x";
				CLANG_CXX_LIBRARY = "libc++";
				CLANG_ENABLE_MODULES = YES;
				CLANG_ENABLE_OBJC_ARC = YES;
				CLANG_WARN_BOOL_CONVERSION = YES;
				CLANG_WARN_CONSTANT_CONVERSION = YES;
				CLANG_WARN_DIRECT_OBJC_ISA_USAGE = YES_ERROR;
				CLANG_WARN_EMPTY_BODY = YES;
				CLANG_WARN_ENUM_CONVERSION = YES;
				CLANG_WARN_INT_CONVERSION = YES;
				CLANG_WARN_OBJC_ROOT_CLASS = YES_ERROR;
				CLANG_WARN_UNREACHABLE_CODE = YES;
				CLANG_WARN__DUPLICATE_METHOD_MATCH = YES;
				COPY_PHASE_STRIP = NO;
				ENABLE_STRICT_OBJC_MSGSEND = YES;
				GCC_C_LANGUAGE_STANDARD = gnu99;
				GCC_DYNAMIC_NO_PIC = NO;
				GCC_OPTIMIZATION_LEVEL = 0;
				GCC_PREPROCESSOR_DEFINITIONS = (
					"DEBUG=1",
					"$(inherited)",
				);
				GCC_SYMBOLS_PRIVATE_EXTERN = NO;
				GCC_WARN_64_TO_32_BIT_CONVERSION = YES;
				GCC_WARN_ABOUT_RETURN_TYPE = YES_ERROR;
				GCC_WARN_UNDECLARED_SELECTOR = YES;
				GCC_WARN_UNINITIALIZED_AUTOS = YES_AGGRESSIVE;
				GCC_WARN_UNUSED_FUNCTION = YES;
				GCC_WARN_UNUSED_VARIABLE = YES;
				MACOSX_DEPLOYMENT_TARGET = 10.10;
				MTL_ENABLE_DEBUG_INFO = YES;
				ONLY_ACTIVE_ARCH = YES;
				SDKROOT = macosx;
				STRINGS_FILE_OUTPUT_ENCODING = "UTF-8";
			};
			name = Debug;
		};
		7EB8B6391AE058DF005B9044 /* Release */ = {
			isa = XCBuildConfiguration;
			buildSettings = {
				ALWAYS_SEARCH_USER_PATHS = NO;
				CLANG_CXX_LANGUAGE_STANDARD = "c++0x";
				CLANG_CXX_LIBRARY = "libc++";
				CLANG_ENABLE_MODULES = YES;
				CLANG_ENABLE_OBJC_ARC = YES;
				CLANG_WARN_BOOL_CONVERSION = YES;
				CLANG_WARN_CONSTANT_CONVERSION = YES;
				CLANG_WARN_DIRECT_OBJC_ISA_USAGE = YES_ERROR;
				CLANG_WARN_EMPTY_BODY = YES;
				CLANG_WARN_ENUM_CONVERSION = YES;
				CLANG_WARN_INT_CONVERSION = YES;
				CLANG_WARN_OBJC_ROOT_CLASS = YES_ERROR;
				CLANG_WARN_UNREACHABLE_CODE = YES;
				CLANG_WARN__DUPLICATE_METHOD_MATCH = YES;
				COPY_PHASE_STRIP = YES;
				DEBUG_INFORMATION_FORMAT = "dwarf-with-dsym";
				ENABLE_NS_ASSERTIONS = NO;
				ENABLE_STRICT_OBJC_MSGSEND = YES;
				GCC_C_LANGUAGE_STANDARD = gnu99;
				GCC_WARN_64_TO_32_BIT_CONVERSION = YES;
				GCC_WARN_ABOUT_RETURN_TYPE = YES_ERROR;
				GCC_WARN_UNDECLARED_SELECTOR = YES;
				GCC_WARN_UNINITIALIZED_AUTOS = YES_AGGRESSIVE;
				GCC_WARN_UNUSED_FUNCTION = YES;
				GCC_WARN_UNUSED_VARIABLE = YES;
				MACOSX_DEPLOYMENT_TARGET = 10.10;
				MTL_ENABLE_DEBUG_INFO = NO;
				SDKROOT = macosx;
				STRINGS_FILE_OUTPUT_ENCODING = "UTF-8";
			};
			name = Release;
		};
		7EB8B63B1AE058DF005B9044 /* Debug */ = {
			isa = XCBuildConfiguration;
			buildSettings = {
				CLANG_CXX_LANGUAGE_STANDARD = "c++0x";
				CLANG_CXX_LIBRARY = "libc++";
				GCC_C_LANGUAGE_STANDARD = c11;
				PRODUCT_NAME = "$(TARGET_NAME)";
				STRINGS_FILE_OUTPUT_ENCODING = "UTF-8";
			};
			name = Debug;
		};
		7EB8B63C1AE058DF005B9044 /* Release */ = {
			isa = XCBuildConfiguration;
			buildSettings = {
				CLANG_CXX_LANGUAGE_STANDARD = "c++0x";
				CLANG_CXX_LIBRARY = "libc++";
				GCC_C_LANGUAGE_STANDARD = c11;
				PRODUCT_NAME = "$(TARGET_NAME)";
				STRINGS_FILE_OUTPUT_ENCODING = "UTF-8";
			};
			name = Release;
		};
/* End XCBuildConfiguration section */

/* Begin XCConfigurationList section */
		7EB8B62E1AE058DF005B9044 /* Build configuration list for PBXProject "kot_ton" */ = {
			isa = XCConfigurationList;
			buildConfigurations = (
				7EB8B6381AE058DF005B9044 /* Debug */,
				7EB8B6391AE058DF005B9044 /* Release */,
			);
			defaultConfigurationIsVisible = 0;
			defaultConfigurationName = Release;
		};
		7EB8B63A1AE058DF005B9044 /* Build configuration list for PBXNativeTarget "kot_ton" */ = {
			isa = XCConfigurationList;
			buildConfigurations = (
				7EB8B63B1AE058DF005B9044 /* Debug */,
				7EB8B63C1AE058DF005B9044 /* Release */,
			);
			defaultConfigurationIsVisible = 0;
			defaultConfigurationName = Release;
		};
/* End XCConfigurationList section */
	};
	rootObject = 7EB8B62B1AE058DF005B9044 /* Project object */;
}
